// !$*UTF8*$!
{
	archiveVersion = 1;
	classes = {
	};
	objectVersion = 50;
	objects = {

/* Begin PBXBuildFile section */
		35315D75862EF83F99B85D74 /* Pods_WORDS.framework in Frameworks */ = {isa = PBXBuildFile; fileRef = 2B5FD1B9388B0F609CD5DAD6 /* Pods_WORDS.framework */; };
		AB9CFAFF24B85B3100C56036 /* AppDelegate.swift in Sources */ = {isa = PBXBuildFile; fileRef = AB9CFAFE24B85B3100C56036 /* AppDelegate.swift */; };
		AB9CFB0124B85B3100C56036 /* SceneDelegate.swift in Sources */ = {isa = PBXBuildFile; fileRef = AB9CFB0024B85B3100C56036 /* SceneDelegate.swift */; };
		AB9CFB0324B85B3100C56036 /* WordList.swift in Sources */ = {isa = PBXBuildFile; fileRef = AB9CFB0224B85B3100C56036 /* WordList.swift */; };
		AB9CFB0624B85B3100C56036 /* Main.storyboard in Resources */ = {isa = PBXBuildFile; fileRef = AB9CFB0424B85B3100C56036 /* Main.storyboard */; };
		AB9CFB0824B85B3F00C56036 /* Assets.xcassets in Resources */ = {isa = PBXBuildFile; fileRef = AB9CFB0724B85B3F00C56036 /* Assets.xcassets */; };
		AB9CFB0B24B85B3F00C56036 /* LaunchScreen.storyboard in Resources */ = {isa = PBXBuildFile; fileRef = AB9CFB0924B85B3F00C56036 /* LaunchScreen.storyboard */; };
		AB9CFB1C24B8670A00C56036 /* WordList.storyboard in Resources */ = {isa = PBXBuildFile; fileRef = AB9CFB1B24B8670A00C56036 /* WordList.storyboard */; };
		AB9CFB2524B87E6D00C56036 /* AddWord.swift in Sources */ = {isa = PBXBuildFile; fileRef = AB9CFB2424B87E6D00C56036 /* AddWord.swift */; };
		AB9CFB2724B87EE900C56036 /* AddWord.storyboard in Resources */ = {isa = PBXBuildFile; fileRef = AB9CFB2624B87EE900C56036 /* AddWord.storyboard */; };
		AB9CFB2924B9EB5D00C56036 /* word.swift in Sources */ = {isa = PBXBuildFile; fileRef = AB9CFB2824B9EB5D00C56036 /* word.swift */; };
/* End PBXBuildFile section */

/* Begin PBXFileReference section */
		02EEB8F0578B2E0D0E2B3FA5 /* Pods-WORDS.release.xcconfig */ = {isa = PBXFileReference; includeInIndex = 1; lastKnownFileType = text.xcconfig; name = "Pods-WORDS.release.xcconfig"; path = "Target Support Files/Pods-WORDS/Pods-WORDS.release.xcconfig"; sourceTree = "<group>"; };
		2B5FD1B9388B0F609CD5DAD6 /* Pods_WORDS.framework */ = {isa = PBXFileReference; explicitFileType = wrapper.framework; includeInIndex = 0; path = Pods_WORDS.framework; sourceTree = BUILT_PRODUCTS_DIR; };
		8FF112CE0DB7562C2D3389AE /* Pods-WORDS.debug.xcconfig */ = {isa = PBXFileReference; includeInIndex = 1; lastKnownFileType = text.xcconfig; name = "Pods-WORDS.debug.xcconfig"; path = "Target Support Files/Pods-WORDS/Pods-WORDS.debug.xcconfig"; sourceTree = "<group>"; };
		AB9CFAFB24B85B3100C56036 /* WORDS.app */ = {isa = PBXFileReference; explicitFileType = wrapper.application; includeInIndex = 0; path = WORDS.app; sourceTree = BUILT_PRODUCTS_DIR; };
		AB9CFAFE24B85B3100C56036 /* AppDelegate.swift */ = {isa = PBXFileReference; lastKnownFileType = sourcecode.swift; path = AppDelegate.swift; sourceTree = "<group>"; };
		AB9CFB0024B85B3100C56036 /* SceneDelegate.swift */ = {isa = PBXFileReference; lastKnownFileType = sourcecode.swift; path = SceneDelegate.swift; sourceTree = "<group>"; };
		AB9CFB0224B85B3100C56036 /* WordList.swift */ = {isa = PBXFileReference; lastKnownFileType = sourcecode.swift; path = WordList.swift; sourceTree = "<group>"; };
		AB9CFB0524B85B3100C56036 /* Base */ = {isa = PBXFileReference; lastKnownFileType = file.storyboard; name = Base; path = Base.lproj/Main.storyboard; sourceTree = "<group>"; };
		AB9CFB0724B85B3F00C56036 /* Assets.xcassets */ = {isa = PBXFileReference; lastKnownFileType = folder.assetcatalog; path = Assets.xcassets; sourceTree = "<group>"; };
		AB9CFB0A24B85B3F00C56036 /* Base */ = {isa = PBXFileReference; lastKnownFileType = file.storyboard; name = Base; path = Base.lproj/LaunchScreen.storyboard; sourceTree = "<group>"; };
		AB9CFB0C24B85B3F00C56036 /* Info.plist */ = {isa = PBXFileReference; lastKnownFileType = text.plist.xml; path = Info.plist; sourceTree = "<group>"; };
		AB9CFB1B24B8670A00C56036 /* WordList.storyboard */ = {isa = PBXFileReference; lastKnownFileType = file.storyboard; path = WordList.storyboard; sourceTree = "<group>"; };
		AB9CFB2424B87E6D00C56036 /* AddWord.swift */ = {isa = PBXFileReference; lastKnownFileType = sourcecode.swift; path = AddWord.swift; sourceTree = "<group>"; };
		AB9CFB2624B87EE900C56036 /* AddWord.storyboard */ = {isa = PBXFileReference; lastKnownFileType = file.storyboard; path = AddWord.storyboard; sourceTree = "<group>"; };
		AB9CFB2824B9EB5D00C56036 /* word.swift */ = {isa = PBXFileReference; lastKnownFileType = sourcecode.swift; path = word.swift; sourceTree = "<group>"; };
/* End PBXFileReference section */

/* Begin PBXFrameworksBuildPhase section */
		AB9CFAF824B85B3100C56036 /* Frameworks */ = {
			isa = PBXFrameworksBuildPhase;
			buildActionMask = 2147483647;
			files = (
				35315D75862EF83F99B85D74 /* Pods_WORDS.framework in Frameworks */,
			);
			runOnlyForDeploymentPostprocessing = 0;
		};
/* End PBXFrameworksBuildPhase section */

/* Begin PBXGroup section */
		20E05C7F072FB6B326D6F600 /* Frameworks */ = {
			isa = PBXGroup;
			children = (
				2B5FD1B9388B0F609CD5DAD6 /* Pods_WORDS.framework */,
			);
			name = Frameworks;
			sourceTree = "<group>";
		};
		AB9CFAF224B85B3100C56036 = {
			isa = PBXGroup;
			children = (
				AB9CFAFD24B85B3100C56036 /* WORDS */,
				AB9CFAFC24B85B3100C56036 /* Products */,
				DE4E312947659D7ED85693A3 /* Pods */,
				20E05C7F072FB6B326D6F600 /* Frameworks */,
			);
			sourceTree = "<group>";
		};
		AB9CFAFC24B85B3100C56036 /* Products */ = {
			isa = PBXGroup;
			children = (
				AB9CFAFB24B85B3100C56036 /* WORDS.app */,
			);
			name = Products;
			sourceTree = "<group>";
		};
		AB9CFAFD24B85B3100C56036 /* WORDS */ = {
			isa = PBXGroup;
			children = (
				AB9CFB1624B860D000C56036 /* Application */,
				AB9CFB1A24B8666000C56036 /* WordList */,
				AB9CFB1F24B878EC00C56036 /* AddWord */,
				AB9CFB1524B85DBA00C56036 /* Resources */,
			);
			path = WORDS;
			sourceTree = "<group>";
		};
		AB9CFB1224B85D5500C56036 /* Model */ = {
			isa = PBXGroup;
			children = (
			);
			path = Model;
			sourceTree = "<group>";
		};
		AB9CFB1324B85D6200C56036 /* View */ = {
			isa = PBXGroup;
			children = (
				AB9CFB1B24B8670A00C56036 /* WordList.storyboard */,
			);
			path = View;
			sourceTree = "<group>";
		};
		AB9CFB1424B85D7000C56036 /* Controller */ = {
			isa = PBXGroup;
			children = (
				AB9CFB0224B85B3100C56036 /* WordList.swift */,
			);
			path = Controller;
			sourceTree = "<group>";
		};
		AB9CFB1524B85DBA00C56036 /* Resources */ = {
			isa = PBXGroup;
			children = (
				AB9CFB0724B85B3F00C56036 /* Assets.xcassets */,
				AB9CFB0C24B85B3F00C56036 /* Info.plist */,
			);
			path = Resources;
			sourceTree = "<group>";
		};
		AB9CFB1624B860D000C56036 /* Application */ = {
			isa = PBXGroup;
			children = (
				AB9CFB1924B860F200C56036 /* Model */,
				AB9CFB1824B860EB00C56036 /* View */,
				AB9CFB1724B860DE00C56036 /* Controller */,
			);
			path = Application;
			sourceTree = "<group>";
		};
		AB9CFB1724B860DE00C56036 /* Controller */ = {
			isa = PBXGroup;
			children = (
				AB9CFB0024B85B3100C56036 /* SceneDelegate.swift */,
				AB9CFAFE24B85B3100C56036 /* AppDelegate.swift */,
			);
			path = Controller;
			sourceTree = "<group>";
		};
		AB9CFB1824B860EB00C56036 /* View */ = {
			isa = PBXGroup;
			children = (
				AB9CFB0424B85B3100C56036 /* Main.storyboard */,
				AB9CFB0924B85B3F00C56036 /* LaunchScreen.storyboard */,
			);
			path = View;
			sourceTree = "<group>";
		};
		AB9CFB1924B860F200C56036 /* Model */ = {
			isa = PBXGroup;
			children = (
			);
			path = Model;
			sourceTree = "<group>";
		};
		AB9CFB1A24B8666000C56036 /* WordList */ = {
			isa = PBXGroup;
			children = (
				AB9CFB1224B85D5500C56036 /* Model */,
				AB9CFB1324B85D6200C56036 /* View */,
				AB9CFB1424B85D7000C56036 /* Controller */,
			);
			path = WordList;
			sourceTree = "<group>";
		};
		AB9CFB1F24B878EC00C56036 /* AddWord */ = {
			isa = PBXGroup;
			children = (
				AB9CFB2224B8793C00C56036 /* Model */,
				AB9CFB2124B8793500C56036 /* View */,
				AB9CFB2324B87D6E00C56036 /* Controller */,
			);
			path = AddWord;
			sourceTree = "<group>";
		};
		AB9CFB2124B8793500C56036 /* View */ = {
			isa = PBXGroup;
			children = (
				AB9CFB2624B87EE900C56036 /* AddWord.storyboard */,
			);
			path = View;
			sourceTree = "<group>";
		};
		AB9CFB2224B8793C00C56036 /* Model */ = {
			isa = PBXGroup;
			children = (
				AB9CFB2824B9EB5D00C56036 /* word.swift */,
			);
			path = Model;
			sourceTree = "<group>";
		};
		AB9CFB2324B87D6E00C56036 /* Controller */ = {
			isa = PBXGroup;
			children = (
				AB9CFB2424B87E6D00C56036 /* AddWord.swift */,
			);
			path = Controller;
			sourceTree = "<group>";
		};
		DE4E312947659D7ED85693A3 /* Pods */ = {
			isa = PBXGroup;
			children = (
				8FF112CE0DB7562C2D3389AE /* Pods-WORDS.debug.xcconfig */,
				02EEB8F0578B2E0D0E2B3FA5 /* Pods-WORDS.release.xcconfig */,
			);
			name = Pods;
			path = Pods;
			sourceTree = "<group>";
		};
/* End PBXGroup section */

/* Begin PBXNativeTarget section */
		AB9CFAFA24B85B3100C56036 /* WORDS */ = {
			isa = PBXNativeTarget;
			buildConfigurationList = AB9CFB0F24B85B3F00C56036 /* Build configuration list for PBXNativeTarget "WORDS" */;
			buildPhases = (
				1823EC85082927E6F8406591 /* [CP] Check Pods Manifest.lock */,
				AB9CFAF724B85B3100C56036 /* Sources */,
				AB9CFAF824B85B3100C56036 /* Frameworks */,
				AB9CFAF924B85B3100C56036 /* Resources */,
				8D0D15E1C0FA9D8A16A4A07F /* [CP] Embed Pods Frameworks */,
			);
			buildRules = (
			);
			dependencies = (
			);
			name = WORDS;
			productName = WORDS;
			productReference = AB9CFAFB24B85B3100C56036 /* WORDS.app */;
			productType = "com.apple.product-type.application";
		};
/* End PBXNativeTarget section */

/* Begin PBXProject section */
		AB9CFAF324B85B3100C56036 /* Project object */ = {
			isa = PBXProject;
			attributes = {
				LastSwiftUpdateCheck = 1130;
				LastUpgradeCheck = 1130;
				ORGANIZATIONNAME = "Petro GOLISHEVSKIY";
				TargetAttributes = {
					AB9CFAFA24B85B3100C56036 = {
						CreatedOnToolsVersion = 11.3.1;
					};
				};
			};
			buildConfigurationList = AB9CFAF624B85B3100C56036 /* Build configuration list for PBXProject "WORDS" */;
			compatibilityVersion = "Xcode 9.3";
			developmentRegion = en;
			hasScannedForEncodings = 0;
			knownRegions = (
				en,
				Base,
			);
			mainGroup = AB9CFAF224B85B3100C56036;
			productRefGroup = AB9CFAFC24B85B3100C56036 /* Products */;
			projectDirPath = "";
			projectRoot = "";
			targets = (
				AB9CFAFA24B85B3100C56036 /* WORDS */,
			);
		};
/* End PBXProject section */

/* Begin PBXResourcesBuildPhase section */
		AB9CFAF924B85B3100C56036 /* Resources */ = {
			isa = PBXResourcesBuildPhase;
			buildActionMask = 2147483647;
			files = (
				AB9CFB0B24B85B3F00C56036 /* LaunchScreen.storyboard in Resources */,
				AB9CFB0824B85B3F00C56036 /* Assets.xcassets in Resources */,
				AB9CFB2724B87EE900C56036 /* AddWord.storyboard in Resources */,
				AB9CFB1C24B8670A00C56036 /* WordList.storyboard in Resources */,
				AB9CFB0624B85B3100C56036 /* Main.storyboard in Resources */,
			);
			runOnlyForDeploymentPostprocessing = 0;
		};
/* End PBXResourcesBuildPhase section */

/* Begin PBXShellScriptBuildPhase section */
		1823EC85082927E6F8406591 /* [CP] Check Pods Manifest.lock */ = {
			isa = PBXShellScriptBuildPhase;
			buildActionMask = 2147483647;
			files = (
			);
			inputFileListPaths = (
			);
			inputPaths = (
				"${PODS_PODFILE_DIR_PATH}/Podfile.lock",
				"${PODS_ROOT}/Manifest.lock",
			);
			name = "[CP] Check Pods Manifest.lock";
			outputFileListPaths = (
			);
			outputPaths = (
				"$(DERIVED_FILE_DIR)/Pods-WORDS-checkManifestLockResult.txt",
			);
			runOnlyForDeploymentPostprocessing = 0;
			shellPath = /bin/sh;
			shellScript = "diff \"${PODS_PODFILE_DIR_PATH}/Podfile.lock\" \"${PODS_ROOT}/Manifest.lock\" > /dev/null\nif [ $? != 0 ] ; then\n    # print error to STDERR\n    echo \"error: The sandbox is not in sync with the Podfile.lock. Run 'pod install' or update your CocoaPods installation.\" >&2\n    exit 1\nfi\n# This output is used by Xcode 'outputs' to avoid re-running this script phase.\necho \"SUCCESS\" > \"${SCRIPT_OUTPUT_FILE_0}\"\n";
			showEnvVarsInLog = 0;
		};
		8D0D15E1C0FA9D8A16A4A07F /* [CP] Embed Pods Frameworks */ = {
			isa = PBXShellScriptBuildPhase;
			buildActionMask = 2147483647;
			files = (
			);
			inputFileListPaths = (
				"${PODS_ROOT}/Target Support Files/Pods-WORDS/Pods-WORDS-frameworks-${CONFIGURATION}-input-files.xcfilelist",
			);
			name = "[CP] Embed Pods Frameworks";
			outputFileListPaths = (
				"${PODS_ROOT}/Target Support Files/Pods-WORDS/Pods-WORDS-frameworks-${CONFIGURATION}-output-files.xcfilelist",
			);
			runOnlyForDeploymentPostprocessing = 0;
			shellPath = /bin/sh;
			shellScript = "\"${PODS_ROOT}/Target Support Files/Pods-WORDS/Pods-WORDS-frameworks.sh\"\n";
			showEnvVarsInLog = 0;
		};
/* End PBXShellScriptBuildPhase section */

/* Begin PBXSourcesBuildPhase section */
		AB9CFAF724B85B3100C56036 /* Sources */ = {
			isa = PBXSourcesBuildPhase;
			buildActionMask = 2147483647;
			files = (
				AB9CFB0324B85B3100C56036 /* WordList.swift in Sources */,
				AB9CFB2524B87E6D00C56036 /* AddWord.swift in Sources */,
				AB9CFAFF24B85B3100C56036 /* AppDelegate.swift in Sources */,
				AB9CFB0124B85B3100C56036 /* SceneDelegate.swift in Sources */,
				AB9CFB2924B9EB5D00C56036 /* word.swift in Sources */,
			);
			runOnlyForDeploymentPostprocessing = 0;
		};
/* End PBXSourcesBuildPhase section */

/* Begin PBXVariantGroup section */
		AB9CFB0424B85B3100C56036 /* Main.storyboard */ = {
			isa = PBXVariantGroup;
			children = (
				AB9CFB0524B85B3100C56036 /* Base */,
			);
			name = Main.storyboard;
			sourceTree = "<group>";
		};
		AB9CFB0924B85B3F00C56036 /* LaunchScreen.storyboard */ = {
			isa = PBXVariantGroup;
			children = (
				AB9CFB0A24B85B3F00C56036 /* Base */,
			);
			name = LaunchScreen.storyboard;
			sourceTree = "<group>";
		};
/* End PBXVariantGroup section */

/* Begin XCBuildConfiguration section */
		AB9CFB0D24B85B3F00C56036 /* Debug */ = {
			isa = XCBuildConfiguration;
			buildSettings = {
				ALWAYS_SEARCH_USER_PATHS = NO;
				CLANG_ANALYZER_NONNULL = YES;
				CLANG_ANALYZER_NUMBER_OBJECT_CONVERSION = YES_AGGRESSIVE;
				CLANG_CXX_LANGUAGE_STANDARD = "gnu++14";
				CLANG_CXX_LIBRARY = "libc++";
				CLANG_ENABLE_MODULES = YES;
				CLANG_ENABLE_OBJC_ARC = YES;
				CLANG_ENABLE_OBJC_WEAK = YES;
				CLANG_WARN_BLOCK_CAPTURE_AUTORELEASING = YES;
				CLANG_WARN_BOOL_CONVERSION = YES;
				CLANG_WARN_COMMA = YES;
				CLANG_WARN_CONSTANT_CONVERSION = YES;
				CLANG_WARN_DEPRECATED_OBJC_IMPLEMENTATIONS = YES;
				CLANG_WARN_DIRECT_OBJC_ISA_USAGE = YES_ERROR;
				CLANG_WARN_DOCUMENTATION_COMMENTS = YES;
				CLANG_WARN_EMPTY_BODY = YES;
				CLANG_WARN_ENUM_CONVERSION = YES;
				CLANG_WARN_INFINITE_RECURSION = YES;
				CLANG_WARN_INT_CONVERSION = YES;
				CLANG_WARN_NON_LITERAL_NULL_CONVERSION = YES;
				CLANG_WARN_OBJC_IMPLICIT_RETAIN_SELF = YES;
				CLANG_WARN_OBJC_LITERAL_CONVERSION = YES;
				CLANG_WARN_OBJC_ROOT_CLASS = YES_ERROR;
				CLANG_WARN_RANGE_LOOP_ANALYSIS = YES;
				CLANG_WARN_STRICT_PROTOTYPES = YES;
				CLANG_WARN_SUSPICIOUS_MOVE = YES;
				CLANG_WARN_UNGUARDED_AVAILABILITY = YES_AGGRESSIVE;
				CLANG_WARN_UNREACHABLE_CODE = YES;
				CLANG_WARN__DUPLICATE_METHOD_MATCH = YES;
				COPY_PHASE_STRIP = NO;
				DEBUG_INFORMATION_FORMAT = dwarf;
				ENABLE_STRICT_OBJC_MSGSEND = YES;
				ENABLE_TESTABILITY = YES;
				GCC_C_LANGUAGE_STANDARD = gnu11;
				GCC_DYNAMIC_NO_PIC = NO;
				GCC_NO_COMMON_BLOCKS = YES;
				GCC_OPTIMIZATION_LEVEL = 0;
				GCC_PREPROCESSOR_DEFINITIONS = (
					"DEBUG=1",
					"$(inherited)",
				);
				GCC_WARN_64_TO_32_BIT_CONVERSION = YES;
				GCC_WARN_ABOUT_RETURN_TYPE = YES_ERROR;
				GCC_WARN_UNDECLARED_SELECTOR = YES;
				GCC_WARN_UNINITIALIZED_AUTOS = YES_AGGRESSIVE;
				GCC_WARN_UNUSED_FUNCTION = YES;
				GCC_WARN_UNUSED_VARIABLE = YES;
				IPHONEOS_DEPLOYMENT_TARGET = 13.2;
				MTL_ENABLE_DEBUG_INFO = INCLUDE_SOURCE;
				MTL_FAST_MATH = YES;
				ONLY_ACTIVE_ARCH = YES;
				SDKROOT = iphoneos;
				SWIFT_ACTIVE_COMPILATION_CONDITIONS = DEBUG;
				SWIFT_OPTIMIZATION_LEVEL = "-Onone";
			};
			name = Debug;
		};
		AB9CFB0E24B85B3F00C56036 /* Release */ = {
			isa = XCBuildConfiguration;
			buildSettings = {
				ALWAYS_SEARCH_USER_PATHS = NO;
				CLANG_ANALYZER_NONNULL = YES;
				CLANG_ANALYZER_NUMBER_OBJECT_CONVERSION = YES_AGGRESSIVE;
				CLANG_CXX_LANGUAGE_STANDARD = "gnu++14";
				CLANG_CXX_LIBRARY = "libc++";
				CLANG_ENABLE_MODULES = YES;
				CLANG_ENABLE_OBJC_ARC = YES;
				CLANG_ENABLE_OBJC_WEAK = YES;
				CLANG_WARN_BLOCK_CAPTURE_AUTORELEASING = YES;
				CLANG_WARN_BOOL_CONVERSION = YES;
				CLANG_WARN_COMMA = YES;
				CLANG_WARN_CONSTANT_CONVERSION = YES;
				CLANG_WARN_DEPRECATED_OBJC_IMPLEMENTATIONS = YES;
				CLANG_WARN_DIRECT_OBJC_ISA_USAGE = YES_ERROR;
				CLANG_WARN_DOCUMENTATION_COMMENTS = YES;
				CLANG_WARN_EMPTY_BODY = YES;
				CLANG_WARN_ENUM_CONVERSION = YES;
				CLANG_WARN_INFINITE_RECURSION = YES;
				CLANG_WARN_INT_CONVERSION = YES;
				CLANG_WARN_NON_LITERAL_NULL_CONVERSION = YES;
				CLANG_WARN_OBJC_IMPLICIT_RETAIN_SELF = YES;
				CLANG_WARN_OBJC_LITERAL_CONVERSION = YES;
				CLANG_WARN_OBJC_ROOT_CLASS = YES_ERROR;
				CLANG_WARN_RANGE_LOOP_ANALYSIS = YES;
				CLANG_WARN_STRICT_PROTOTYPES = YES;
				CLANG_WARN_SUSPICIOUS_MOVE = YES;
				CLANG_WARN_UNGUARDED_AVAILABILITY = YES_AGGRESSIVE;
				CLANG_WARN_UNREACHABLE_CODE = YES;
				CLANG_WARN__DUPLICATE_METHOD_MATCH = YES;
				COPY_PHASE_STRIP = NO;
				DEBUG_INFORMATION_FORMAT = "dwarf-with-dsym";
				ENABLE_NS_ASSERTIONS = NO;
				ENABLE_STRICT_OBJC_MSGSEND = YES;
				GCC_C_LANGUAGE_STANDARD = gnu11;
				GCC_NO_COMMON_BLOCKS = YES;
				GCC_WARN_64_TO_32_BIT_CONVERSION = YES;
				GCC_WARN_ABOUT_RETURN_TYPE = YES_ERROR;
				GCC_WARN_UNDECLARED_SELECTOR = YES;
				GCC_WARN_UNINITIALIZED_AUTOS = YES_AGGRESSIVE;
				GCC_WARN_UNUSED_FUNCTION = YES;
				GCC_WARN_UNUSED_VARIABLE = YES;
				IPHONEOS_DEPLOYMENT_TARGET = 13.2;
				MTL_ENABLE_DEBUG_INFO = NO;
				MTL_FAST_MATH = YES;
				SDKROOT = iphoneos;
				SWIFT_COMPILATION_MODE = wholemodule;
				SWIFT_OPTIMIZATION_LEVEL = "-O";
				VALIDATE_PRODUCT = YES;
			};
			name = Release;
		};
		AB9CFB1024B85B3F00C56036 /* Debug */ = {
			isa = XCBuildConfiguration;
			baseConfigurationReference = 8FF112CE0DB7562C2D3389AE /* Pods-WORDS.debug.xcconfig */;
			buildSettings = {
				ASSETCATALOG_COMPILER_APPICON_NAME = AppIcon;
				CODE_SIGN_STYLE = Automatic;
				INFOPLIST_FILE = WORDS/Resources/Info.plist;
				IPHONEOS_DEPLOYMENT_TARGET = 13.0;
				LD_RUNPATH_SEARCH_PATHS = (
					"$(inherited)",
					"@executable_path/Frameworks",
				);
				PRODUCT_BUNDLE_IDENTIFIER = Petro.WORDS;
				PRODUCT_NAME = "$(TARGET_NAME)";
				SWIFT_VERSION = 5.0;
				TARGETED_DEVICE_FAMILY = 1;
			};
			name = Debug;
		};
		AB9CFB1124B85B3F00C56036 /* Release */ = {
			isa = XCBuildConfiguration;
			baseConfigurationReference = 02EEB8F0578B2E0D0E2B3FA5 /* Pods-WORDS.release.xcconfig */;
			buildSettings = {
				ASSETCATALOG_COMPILER_APPICON_NAME = AppIcon;
				CODE_SIGN_STYLE = Automatic;
				INFOPLIST_FILE = WORDS/Resources/Info.plist;
				IPHONEOS_DEPLOYMENT_TARGET = 13.0;
				LD_RUNPATH_SEARCH_PATHS = (
					"$(inherited)",
					"@executable_path/Frameworks",
				);
				PRODUCT_BUNDLE_IDENTIFIER = Petro.WORDS;
				PRODUCT_NAME = "$(TARGET_NAME)";
				SWIFT_VERSION = 5.0;
				TARGETED_DEVICE_FAMILY = 1;
			};
			name = Release;
		};
/* End XCBuildConfiguration section */

/* Begin XCConfigurationList section */
		AB9CFAF624B85B3100C56036 /* Build configuration list for PBXProject "WORDS" */ = {
			isa = XCConfigurationList;
			buildConfigurations = (
				AB9CFB0D24B85B3F00C56036 /* Debug */,
				AB9CFB0E24B85B3F00C56036 /* Release */,
			);
			defaultConfigurationIsVisible = 0;
			defaultConfigurationName = Release;
		};
		AB9CFB0F24B85B3F00C56036 /* Build configuration list for PBXNativeTarget "WORDS" */ = {
			isa = XCConfigurationList;
			buildConfigurations = (
				AB9CFB1024B85B3F00C56036 /* Debug */,
				AB9CFB1124B85B3F00C56036 /* Release */,
			);
			defaultConfigurationIsVisible = 0;
			defaultConfigurationName = Release;
		};
/* End XCConfigurationList section */
	};
	rootObject = AB9CFAF324B85B3100C56036 /* Project object */;
}
